// !$*UTF8*$!
{
	archiveVersion = 1;
	classes = {
	};
	objectVersion = 46;
	objects = {

/* Begin PBXBuildFile section */
		E07C43A01C317B10005F1D64 /* DiaryAnimator.swift in Sources */ = {isa = PBXBuildFile; fileRef = E07C439F1C317B10005F1D64 /* DiaryAnimator.swift */; };
		E0BAEE561C271D3C007C109C /* AppDelegate.swift in Sources */ = {isa = PBXBuildFile; fileRef = E0BAEE3F1C271D3C007C109C /* AppDelegate.swift */; };
		E0BAEE571C271D3C007C109C /* Assets.xcassets in Resources */ = {isa = PBXBuildFile; fileRef = E0BAEE401C271D3C007C109C /* Assets.xcassets */; };
		E0BAEE581C271D3C007C109C /* LaunchScreen.storyboard in Resources */ = {isa = PBXBuildFile; fileRef = E0BAEE411C271D3C007C109C /* LaunchScreen.storyboard */; };
		E0BAEE591C271D3C007C109C /* Main.storyboard in Resources */ = {isa = PBXBuildFile; fileRef = E0BAEE431C271D3C007C109C /* Main.storyboard */; };
		E0BAEE5A1C271D3C007C109C /* DiaryCollectionViewCell.swift in Sources */ = {isa = PBXBuildFile; fileRef = E0BAEE461C271D3C007C109C /* DiaryCollectionViewCell.swift */; };
		E0BAEE5B1C271D3C007C109C /* HomeYearCollectionViewCell.swift in Sources */ = {isa = PBXBuildFile; fileRef = E0BAEE471C271D3C007C109C /* HomeYearCollectionViewCell.swift */; };
		E0BAEE5C1C271D3C007C109C /* DiaryMonthDayCollectionViewController.swift in Sources */ = {isa = PBXBuildFile; fileRef = E0BAEE491C271D3C007C109C /* DiaryMonthDayCollectionViewController.swift */; };
		E0BAEE5D1C271D3C007C109C /* DiaryYearCollectionViewController.swift in Sources */ = {isa = PBXBuildFile; fileRef = E0BAEE4A1C271D3C007C109C /* DiaryYearCollectionViewController.swift */; };
		E0BAEE5E1C271D3C007C109C /* HomeCollectionViewController.swift in Sources */ = {isa = PBXBuildFile; fileRef = E0BAEE4B1C271D3C007C109C /* HomeCollectionViewController.swift */; };
		E0BAEE5F1C271D3C007C109C /* Info.plist in Resources */ = {isa = PBXBuildFile; fileRef = E0BAEE4C1C271D3C007C109C /* Info.plist */; };
		E0BAEE601C271D3C007C109C /* CXLabel.swift in Sources */ = {isa = PBXBuildFile; fileRef = E0BAEE4E1C271D3C007C109C /* CXLabel.swift */; };
		E0BAEE611C271D3C007C109C /* CXLayout.swift in Sources */ = {isa = PBXBuildFile; fileRef = E0BAEE501C271D3C007C109C /* CXLayout.swift */; };
		E0BAEE621C271D3C007C109C /* TpldKhangXiDictTrial.otf in Resources */ = {isa = PBXBuildFile; fileRef = E0BAEE521C271D3C007C109C /* TpldKhangXiDictTrial.otf */; };
		E0BAEE631C271D3C007C109C /* Wyue-GutiFangsong-NC_deliverable.otf in Resources */ = {isa = PBXBuildFile; fileRef = E0BAEE531C271D3C007C109C /* Wyue-GutiFangsong-NC_deliverable.otf */; };
		E0BAEE641C271D3C007C109C /* DiaryHelper.swift in Sources */ = {isa = PBXBuildFile; fileRef = E0BAEE551C271D3C007C109C /* DiaryHelper.swift */; };
/* End PBXBuildFile section */

/* Begin PBXFileReference section */
		E00592491C2045E800229BF9 /* Diary.app */ = {isa = PBXFileReference; explicitFileType = wrapper.application; includeInIndex = 0; path = Diary.app; sourceTree = BUILT_PRODUCTS_DIR; };
		E07C439F1C317B10005F1D64 /* DiaryAnimator.swift */ = {isa = PBXFileReference; fileEncoding = 4; lastKnownFileType = sourcecode.swift; path = DiaryAnimator.swift; sourceTree = "<group>"; };
		E0BAEE3F1C271D3C007C109C /* AppDelegate.swift */ = {isa = PBXFileReference; fileEncoding = 4; lastKnownFileType = sourcecode.swift; path = AppDelegate.swift; sourceTree = "<group>"; };
		E0BAEE401C271D3C007C109C /* Assets.xcassets */ = {isa = PBXFileReference; lastKnownFileType = folder.assetcatalog; path = Assets.xcassets; sourceTree = "<group>"; };
		E0BAEE421C271D3C007C109C /* Base */ = {isa = PBXFileReference; lastKnownFileType = file.storyboard; name = Base; path = Base.lproj/LaunchScreen.storyboard; sourceTree = "<group>"; };
		E0BAEE441C271D3C007C109C /* Base */ = {isa = PBXFileReference; lastKnownFileType = file.storyboard; name = Base; path = Base.lproj/Main.storyboard; sourceTree = "<group>"; };
		E0BAEE461C271D3C007C109C /* DiaryCollectionViewCell.swift */ = {isa = PBXFileReference; fileEncoding = 4; lastKnownFileType = sourcecode.swift; path = DiaryCollectionViewCell.swift; sourceTree = "<group>"; };
		E0BAEE471C271D3C007C109C /* HomeYearCollectionViewCell.swift */ = {isa = PBXFileReference; fileEncoding = 4; lastKnownFileType = sourcecode.swift; path = HomeYearCollectionViewCell.swift; sourceTree = "<group>"; };
		E0BAEE491C271D3C007C109C /* DiaryMonthDayCollectionViewController.swift */ = {isa = PBXFileReference; fileEncoding = 4; lastKnownFileType = sourcecode.swift; path = DiaryMonthDayCollectionViewController.swift; sourceTree = "<group>"; };
		E0BAEE4A1C271D3C007C109C /* DiaryYearCollectionViewController.swift */ = {isa = PBXFileReference; fileEncoding = 4; lastKnownFileType = sourcecode.swift; path = DiaryYearCollectionViewController.swift; sourceTree = "<group>"; };
		E0BAEE4B1C271D3C007C109C /* HomeCollectionViewController.swift */ = {isa = PBXFileReference; fileEncoding = 4; lastKnownFileType = sourcecode.swift; path = HomeCollectionViewController.swift; sourceTree = "<group>"; };
		E0BAEE4C1C271D3C007C109C /* Info.plist */ = {isa = PBXFileReference; fileEncoding = 4; lastKnownFileType = text.plist.xml; path = Info.plist; sourceTree = "<group>"; };
		E0BAEE4E1C271D3C007C109C /* CXLabel.swift */ = {isa = PBXFileReference; fileEncoding = 4; lastKnownFileType = sourcecode.swift; path = CXLabel.swift; sourceTree = "<group>"; };
		E0BAEE501C271D3C007C109C /* CXLayout.swift */ = {isa = PBXFileReference; fileEncoding = 4; lastKnownFileType = sourcecode.swift; path = CXLayout.swift; sourceTree = "<group>"; };
		E0BAEE521C271D3C007C109C /* TpldKhangXiDictTrial.otf */ = {isa = PBXFileReference; lastKnownFileType = file; path = TpldKhangXiDictTrial.otf; sourceTree = "<group>"; };
		E0BAEE531C271D3C007C109C /* Wyue-GutiFangsong-NC_deliverable.otf */ = {isa = PBXFileReference; lastKnownFileType = file; path = "Wyue-GutiFangsong-NC_deliverable.otf"; sourceTree = "<group>"; };
		E0BAEE551C271D3C007C109C /* DiaryHelper.swift */ = {isa = PBXFileReference; fileEncoding = 4; lastKnownFileType = sourcecode.swift; path = DiaryHelper.swift; sourceTree = "<group>"; };
/* End PBXFileReference section */

/* Begin PBXFrameworksBuildPhase section */
		E00592461C2045E800229BF9 /* Frameworks */ = {
			isa = PBXFrameworksBuildPhase;
			buildActionMask = 2147483647;
			files = (
			);
			runOnlyForDeploymentPostprocessing = 0;
		};
/* End PBXFrameworksBuildPhase section */

/* Begin PBXGroup section */
		E00592401C2045E800229BF9 = {
			isa = PBXGroup;
			children = (
				E0BAEE3E1C271D3C007C109C /* Diary */,
				E005924A1C2045E800229BF9 /* Products */,
			);
			sourceTree = "<group>";
		};
		E005924A1C2045E800229BF9 /* Products */ = {
			isa = PBXGroup;
			children = (
				E00592491C2045E800229BF9 /* Diary.app */,
			);
			name = Products;
			sourceTree = "<group>";
		};
		E0BAEE3E1C271D3C007C109C /* Diary */ = {
			isa = PBXGroup;
			children = (
				E0BAEE481C271D3C007C109C /* Controller */,
				E0BAEE451C271D3C007C109C /* Cell */,
				E0BAEE541C271D3C007C109C /* Tool */,
				E0BAEE511C271D3C007C109C /* Resource */,
				E0BAEE4F1C271D3C007C109C /* Layout */,
				E0BAEE4D1C271D3C007C109C /* Label */,
				E0BAEE3F1C271D3C007C109C /* AppDelegate.swift */,
				E0BAEE401C271D3C007C109C /* Assets.xcassets */,
				E0BAEE411C271D3C007C109C /* LaunchScreen.storyboard */,
				E0BAEE431C271D3C007C109C /* Main.storyboard */,
				E0BAEE4C1C271D3C007C109C /* Info.plist */,
			);
			path = Diary;
			sourceTree = "<group>";
		};
		E0BAEE451C271D3C007C109C /* Cell */ = {
			isa = PBXGroup;
			children = (
				E0BAEE461C271D3C007C109C /* DiaryCollectionViewCell.swift */,
				E0BAEE471C271D3C007C109C /* HomeYearCollectionViewCell.swift */,
			);
			path = Cell;
			sourceTree = "<group>";
		};
		E0BAEE481C271D3C007C109C /* Controller */ = {
			isa = PBXGroup;
			children = (
				E0BAEE491C271D3C007C109C /* DiaryMonthDayCollectionViewController.swift */,
				E0BAEE4A1C271D3C007C109C /* DiaryYearCollectionViewController.swift */,
				E0BAEE4B1C271D3C007C109C /* HomeCollectionViewController.swift */,
			);
			path = Controller;
			sourceTree = "<group>";
		};
		E0BAEE4D1C271D3C007C109C /* Label */ = {
			isa = PBXGroup;
			children = (
				E0BAEE4E1C271D3C007C109C /* CXLabel.swift */,
			);
			path = Label;
			sourceTree = "<group>";
		};
		E0BAEE4F1C271D3C007C109C /* Layout */ = {
			isa = PBXGroup;
			children = (
				E0BAEE501C271D3C007C109C /* CXLayout.swift */,
				E07C439F1C317B10005F1D64 /* DiaryAnimator.swift */,
			);
			path = Layout;
			sourceTree = "<group>";
		};
		E0BAEE511C271D3C007C109C /* Resource */ = {
			isa = PBXGroup;
			children = (
				E0BAEE521C271D3C007C109C /* TpldKhangXiDictTrial.otf */,
				E0BAEE531C271D3C007C109C /* Wyue-GutiFangsong-NC_deliverable.otf */,
			);
			path = Resource;
			sourceTree = "<group>";
		};
		E0BAEE541C271D3C007C109C /* Tool */ = {
			isa = PBXGroup;
			children = (
				E0BAEE551C271D3C007C109C /* DiaryHelper.swift */,
			);
			path = Tool;
			sourceTree = "<group>";
		};
/* End PBXGroup section */

/* Begin PBXNativeTarget section */
		E00592481C2045E800229BF9 /* Diary */ = {
			isa = PBXNativeTarget;
			buildConfigurationList = E005925B1C2045E800229BF9 /* Build configuration list for PBXNativeTarget "Diary" */;
			buildPhases = (
				E00592451C2045E800229BF9 /* Sources */,
				E00592461C2045E800229BF9 /* Frameworks */,
				E00592471C2045E800229BF9 /* Resources */,
			);
			buildRules = (
			);
			dependencies = (
			);
			name = Diary;
			productName = "Diary(CollectionView)";
			productReference = E00592491C2045E800229BF9 /* Diary.app */;
			productType = "com.apple.product-type.application";
		};
/* End PBXNativeTarget section */

/* Begin PBXProject section */
		E00592411C2045E800229BF9 /* Project object */ = {
			isa = PBXProject;
			attributes = {
				LastSwiftUpdateCheck = 0720;
				LastUpgradeCheck = 0720;
				ORGANIZATIONNAME = cx;
				TargetAttributes = {
					E00592481C2045E800229BF9 = {
						CreatedOnToolsVersion = 7.2;
					};
				};
			};
			buildConfigurationList = E00592441C2045E800229BF9 /* Build configuration list for PBXProject "Diary" */;
			compatibilityVersion = "Xcode 3.2";
			developmentRegion = English;
			hasScannedForEncodings = 0;
			knownRegions = (
				en,
				Base,
			);
			mainGroup = E00592401C2045E800229BF9;
			productRefGroup = E005924A1C2045E800229BF9 /* Products */;
			projectDirPath = "";
			projectRoot = "";
			targets = (
				E00592481C2045E800229BF9 /* Diary */,
			);
		};
/* End PBXProject section */

/* Begin PBXResourcesBuildPhase section */
		E00592471C2045E800229BF9 /* Resources */ = {
			isa = PBXResourcesBuildPhase;
			buildActionMask = 2147483647;
			files = (
				E0BAEE5F1C271D3C007C109C /* Info.plist in Resources */,
				E0BAEE591C271D3C007C109C /* Main.storyboard in Resources */,
				E0BAEE631C271D3C007C109C /* Wyue-GutiFangsong-NC_deliverable.otf in Resources */,
				E0BAEE571C271D3C007C109C /* Assets.xcassets in Resources */,
				E0BAEE621C271D3C007C109C /* TpldKhangXiDictTrial.otf in Resources */,
				E0BAEE581C271D3C007C109C /* LaunchScreen.storyboard in Resources */,
			);
			runOnlyForDeploymentPostprocessing = 0;
		};
/* End PBXResourcesBuildPhase section */

/* Begin PBXSourcesBuildPhase section */
		E00592451C2045E800229BF9 /* Sources */ = {
			isa = PBXSourcesBuildPhase;
			buildActionMask = 2147483647;
			files = (
				E07C43A01C317B10005F1D64 /* DiaryAnimator.swift in Sources */,
				E0BAEE5A1C271D3C007C109C /* DiaryCollectionViewCell.swift in Sources */,
				E0BAEE5B1C271D3C007C109C /* HomeYearCollectionViewCell.swift in Sources */,
				E0BAEE611C271D3C007C109C /* CXLayout.swift in Sources */,
				E0BAEE5C1C271D3C007C109C /* DiaryMonthDayCollectionViewController.swift in Sources */,
				E0BAEE5E1C271D3C007C109C /* HomeCollectionViewController.swift in Sources */,
				E0BAEE5D1C271D3C007C109C /* DiaryYearCollectionViewController.swift in Sources */,
				E0BAEE561C271D3C007C109C /* AppDelegate.swift in Sources */,
				E0BAEE641C271D3C007C109C /* DiaryHelper.swift in Sources */,
				E0BAEE601C271D3C007C109C /* CXLabel.swift in Sources */,
			);
			runOnlyForDeploymentPostprocessing = 0;
		};
/* End PBXSourcesBuildPhase section */

/* Begin PBXVariantGroup section */
		E0BAEE411C271D3C007C109C /* LaunchScreen.storyboard */ = {
			isa = PBXVariantGroup;
			children = (
				E0BAEE421C271D3C007C109C /* Base */,
			);
			name = LaunchScreen.storyboard;
			sourceTree = "<group>";
		};
		E0BAEE431C271D3C007C109C /* Main.storyboard */ = {
			isa = PBXVariantGroup;
			children = (
				E0BAEE441C271D3C007C109C /* Base */,
			);
			name = Main.storyboard;
			sourceTree = "<group>";
		};
/* End PBXVariantGroup section */

/* Begin XCBuildConfiguration section */
		E00592591C2045E800229BF9 /* Debug */ = {
			isa = XCBuildConfiguration;
			buildSettings = {
				ALWAYS_SEARCH_USER_PATHS = NO;
				CLANG_CXX_LANGUAGE_STANDARD = "gnu++0x";
				CLANG_CXX_LIBRARY = "libc++";
				CLANG_ENABLE_MODULES = YES;
				CLANG_ENABLE_OBJC_ARC = YES;
				CLANG_WARN_BOOL_CONVERSION = YES;
				CLANG_WARN_CONSTANT_CONVERSION = YES;
				CLANG_WARN_DIRECT_OBJC_ISA_USAGE = YES_ERROR;
				CLANG_WARN_EMPTY_BODY = YES;
				CLANG_WARN_ENUM_CONVERSION = YES;
				CLANG_WARN_INT_CONVERSION = YES;
				CLANG_WARN_OBJC_ROOT_CLASS = YES_ERROR;
				CLANG_WARN_UNREACHABLE_CODE = YES;
				CLANG_WARN__DUPLICATE_METHOD_MATCH = YES;
				"CODE_SIGN_IDENTITY[sdk=iphoneos*]" = "iPhone Developer";
				COPY_PHASE_STRIP = NO;
				DEBUG_INFORMATION_FORMAT = dwarf;
				ENABLE_STRICT_OBJC_MSGSEND = YES;
				ENABLE_TESTABILITY = YES;
				GCC_C_LANGUAGE_STANDARD = gnu99;
				GCC_DYNAMIC_NO_PIC = NO;
				GCC_NO_COMMON_BLOCKS = YES;
				GCC_OPTIMIZATION_LEVEL = 0;
				GCC_PREPROCESSOR_DEFINITIONS = (
					"DEBUG=1",
					"$(inherited)",
				);
				GCC_WARN_64_TO_32_BIT_CONVERSION = YES;
				GCC_WARN_ABOUT_RETURN_TYPE = YES_ERROR;
				GCC_WARN_UNDECLARED_SELECTOR = YES;
				GCC_WARN_UNINITIALIZED_AUTOS = YES_AGGRESSIVE;
				GCC_WARN_UNUSED_FUNCTION = YES;
				GCC_WARN_UNUSED_VARIABLE = YES;
				IPHONEOS_DEPLOYMENT_TARGET = 9.2;
				MTL_ENABLE_DEBUG_INFO = YES;
				ONLY_ACTIVE_ARCH = YES;
				SDKROOT = iphoneos;
				SWIFT_OPTIMIZATION_LEVEL = "-Onone";
			};
			name = Debug;
		};
		E005925A1C2045E800229BF9 /* Release */ = {
			isa = XCBuildConfiguration;
			buildSettings = {
				ALWAYS_SEARCH_USER_PATHS = NO;
				CLANG_CXX_LANGUAGE_STANDARD = "gnu++0x";
				CLANG_CXX_LIBRARY = "libc++";
				CLANG_ENABLE_MODULES = YES;
				CLANG_ENABLE_OBJC_ARC = YES;
				CLANG_WARN_BOOL_CONVERSION = YES;
				CLANG_WARN_CONSTANT_CONVERSION = YES;
				CLANG_WARN_DIRECT_OBJC_ISA_USAGE = YES_ERROR;
				CLANG_WARN_EMPTY_BODY = YES;
				CLANG_WARN_ENUM_CONVERSION = YES;
				CLANG_WARN_INT_CONVERSION = YES;
				CLANG_WARN_OBJC_ROOT_CLASS = YES_ERROR;
				CLANG_WARN_UNREACHABLE_CODE = YES;
				CLANG_WARN__DUPLICATE_METHOD_MATCH = YES;
				"CODE_SIGN_IDENTITY[sdk=iphoneos*]" = "iPhone Developer";
				COPY_PHASE_STRIP = NO;
				DEBUG_INFORMATION_FORMAT = "dwarf-with-dsym";
				ENABLE_NS_ASSERTIONS = NO;
				ENABLE_STRICT_OBJC_MSGSEND = YES;
				GCC_C_LANGUAGE_STANDARD = gnu99;
				GCC_NO_COMMON_BLOCKS = YES;
				GCC_WARN_64_TO_32_BIT_CONVERSION = YES;
				GCC_WARN_ABOUT_RETURN_TYPE = YES_ERROR;
				GCC_WARN_UNDECLARED_SELECTOR = YES;
				GCC_WARN_UNINITIALIZED_AUTOS = YES_AGGRESSIVE;
				GCC_WARN_UNUSED_FUNCTION = YES;
				GCC_WARN_UNUSED_VARIABLE = YES;
				IPHONEOS_DEPLOYMENT_TARGET = 9.2;
				MTL_ENABLE_DEBUG_INFO = NO;
				SDKROOT = iphoneos;
				VALIDATE_PRODUCT = YES;
			};
			name = Release;
		};
		E005925C1C2045E800229BF9 /* Debug */ = {
			isa = XCBuildConfiguration;
			buildSettings = {
				ASSETCATALOG_COMPILER_APPICON_NAME = AppIcon;
				INFOPLIST_FILE = Diary/Info.plist;
				LD_RUNPATH_SEARCH_PATHS = "$(inherited) @executable_path/Frameworks";
				PRODUCT_BUNDLE_IDENTIFIER = com.cx.Diary;
				PRODUCT_NAME = Diary;
			};
			name = Debug;
		};
		E005925D1C2045E800229BF9 /* Release */ = {
			isa = XCBuildConfiguration;
			buildSettings = {
				ASSETCATALOG_COMPILER_APPICON_NAME = AppIcon;
				INFOPLIST_FILE = Diary/Info.plist;
				LD_RUNPATH_SEARCH_PATHS = "$(inherited) @executable_path/Frameworks";
				PRODUCT_BUNDLE_IDENTIFIER = com.cx.Diary;
				PRODUCT_NAME = Diary;
			};
			name = Release;
		};
/* End XCBuildConfiguration section */

/* Begin XCConfigurationList section */
		E00592441C2045E800229BF9 /* Build configuration list for PBXProject "Diary" */ = {
			isa = XCConfigurationList;
			buildConfigurations = (
				E00592591C2045E800229BF9 /* Debug */,
				E005925A1C2045E800229BF9 /* Release */,
			);
			defaultConfigurationIsVisible = 0;
			defaultConfigurationName = Release;
		};
		E005925B1C2045E800229BF9 /* Build configuration list for PBXNativeTarget "Diary" */ = {
			isa = XCConfigurationList;
			buildConfigurations = (
				E005925C1C2045E800229BF9 /* Debug */,
				E005925D1C2045E800229BF9 /* Release */,
			);
			defaultConfigurationIsVisible = 0;
			defaultConfigurationName = Release;
		};
/* End XCConfigurationList section */
	};
	rootObject = E00592411C2045E800229BF9 /* Project object */;
}
